
Microsoft Visual Studio Solution File, Format Version 12.00
# Visual Studio Version 16
VisualStudioVersion = 16.0.30907.101
MinimumVisualStudioVersion = 10.0.40219.1
Project("{9A19103F-16F7-4668-BE54-9A1E7A4F7556}") = "Marketplace.Core", "Marketplace.Core\Marketplace.Core.csproj", "{966D5B1E-77CF-4F56-9E5E-32AF8066D225}"
EndProject
Project("{9A19103F-16F7-4668-BE54-9A1E7A4F7556}") = "Marketplace.Domain.Shared", "Marketplace.Domain.Shared\Marketplace.Domain.Shared.csproj", "{418E35DE-ACB9-414D-9D1E-BA4566CA23A7}"
EndProject
Project("{9A19103F-16F7-4668-BE54-9A1E7A4F7556}") = "Marketplace.Domain", "Marketplace.Domain\Marketplace.Domain.csproj", "{D9AC4DAA-56A3-4D7E-8468-5673AE881E20}"
EndProject
Project("{9A19103F-16F7-4668-BE54-9A1E7A4F7556}") = "Marketplace.Application.BasketServices", "Marketplace.Application.BasketServices\Marketplace.Application.BasketServices.csproj", "{713B53CA-D77A-48E8-B9C8-89E1994F5BA4}"
EndProject
Project("{2150E333-8FDC-42A3-9474-1A3956D46DE8}") = "Application", "Application", "{1B7BA8B6-9D3C-4338-8F1B-17BC00B5EDBA}"
EndProject
Project("{2150E333-8FDC-42A3-9474-1A3956D46DE8}") = "Domain", "Domain", "{66B63FF3-2B6F-4C0F-AA1B-59B117E8101A}"
EndProject
Project("{2150E333-8FDC-42A3-9474-1A3956D46DE8}") = "Common", "Common", "{20FBDDE9-B70E-4CC2-A652-040EADD0F693}"
EndProject
Project("{2150E333-8FDC-42A3-9474-1A3956D46DE8}") = "Data", "Data", "{BE9324BC-7ACB-4E7A-B22D-08B1D3D24987}"
EndProject
Project("{2150E333-8FDC-42A3-9474-1A3956D46DE8}") = "Infrastructure", "Infrastructure", "{676E9AB8-AC3A-4443-96E8-8E1BB02B2922}"
EndProject
Project("{FAE04EC0-301F-11D3-BF4B-00C04F79EFBC}") = "Marketplace.Application.ProductServices", "Marketplace.Application.ProductServices\Marketplace.Application.ProductServices.csproj", "{7097F451-DED8-4D32-89F3-B01E6B9CB499}"
EndProject
Global
	GlobalSection(SolutionConfigurationPlatforms) = preSolution
		Debug|Any CPU = Debug|Any CPU
		Release|Any CPU = Release|Any CPU
	EndGlobalSection
	GlobalSection(ProjectConfigurationPlatforms) = postSolution
		{966D5B1E-77CF-4F56-9E5E-32AF8066D225}.Debug|Any CPU.ActiveCfg = Debug|Any CPU
		{966D5B1E-77CF-4F56-9E5E-32AF8066D225}.Debug|Any CPU.Build.0 = Debug|Any CPU
		{966D5B1E-77CF-4F56-9E5E-32AF8066D225}.Release|Any CPU.ActiveCfg = Release|Any CPU
		{966D5B1E-77CF-4F56-9E5E-32AF8066D225}.Release|Any CPU.Build.0 = Release|Any CPU
		{418E35DE-ACB9-414D-9D1E-BA4566CA23A7}.Debug|Any CPU.ActiveCfg = Debug|Any CPU
		{418E35DE-ACB9-414D-9D1E-BA4566CA23A7}.Debug|Any CPU.Build.0 = Debug|Any CPU
		{418E35DE-ACB9-414D-9D1E-BA4566CA23A7}.Release|Any CPU.ActiveCfg = Release|Any CPU
		{418E35DE-ACB9-414D-9D1E-BA4566CA23A7}.Release|Any CPU.Build.0 = Release|Any CPU
		{D9AC4DAA-56A3-4D7E-8468-5673AE881E20}.Debug|Any CPU.ActiveCfg = Debug|Any CPU
		{D9AC4DAA-56A3-4D7E-8468-5673AE881E20}.Debug|Any CPU.Build.0 = Debug|Any CPU
		{D9AC4DAA-56A3-4D7E-8468-5673AE881E20}.Release|Any CPU.ActiveCfg = Release|Any CPU
		{D9AC4DAA-56A3-4D7E-8468-5673AE881E20}.Release|Any CPU.Build.0 = Release|Any CPU
		{713B53CA-D77A-48E8-B9C8-89E1994F5BA4}.Debug|Any CPU.ActiveCfg = Debug|Any CPU
		{713B53CA-D77A-48E8-B9C8-89E1994F5BA4}.Debug|Any CPU.Build.0 = Debug|Any CPU
		{713B53CA-D77A-48E8-B9C8-89E1994F5BA4}.Release|Any CPU.ActiveCfg = Release|Any CPU
		{713B53CA-D77A-48E8-B9C8-89E1994F5BA4}.Release|Any CPU.Build.0 = Release|Any CPU
		{7097F451-DED8-4D32-89F3-B01E6B9CB499}.Debug|Any CPU.ActiveCfg = Debug|Any CPU
		{7097F451-DED8-4D32-89F3-B01E6B9CB499}.Debug|Any CPU.Build.0 = Debug|Any CPU
		{7097F451-DED8-4D32-89F3-B01E6B9CB499}.Release|Any CPU.ActiveCfg = Release|Any CPU
		{7097F451-DED8-4D32-89F3-B01E6B9CB499}.Release|Any CPU.Build.0 = Release|Any CPU
	EndGlobalSection
	GlobalSection(SolutionProperties) = preSolution
		HideSolutionNode = FALSE
	EndGlobalSection
	GlobalSection(NestedProjects) = preSolution
		{966D5B1E-77CF-4F56-9E5E-32AF8066D225} = {20FBDDE9-B70E-4CC2-A652-040EADD0F693}
		{418E35DE-ACB9-414D-9D1E-BA4566CA23A7} = {66B63FF3-2B6F-4C0F-AA1B-59B117E8101A}
		{D9AC4DAA-56A3-4D7E-8468-5673AE881E20} = {66B63FF3-2B6F-4C0F-AA1B-59B117E8101A}
		{713B53CA-D77A-48E8-B9C8-89E1994F5BA4} = {1B7BA8B6-9D3C-4338-8F1B-17BC00B5EDBA}
		{7097F451-DED8-4D32-89F3-B01E6B9CB499} = {1B7BA8B6-9D3C-4338-8F1B-17BC00B5EDBA}
	EndGlobalSection
	GlobalSection(ExtensibilityGlobals) = postSolution
		SolutionGuid = {00F0A82D-8223-4E3B-8DDF-4E7D2CB03DC7}
	EndGlobalSection
EndGlobal
